
Microsoft Visual Studio Solution File, Format Version 12.00
# Visual Studio Version 16
VisualStudioVersion = 16.0.31829.152
MinimumVisualStudioVersion = 10.0.40219.1
Project("{F184B08F-C81C-45F6-A57F-5ABD9991F28F}") = "FormMasterRekeningKaryawan", "FormMasterRekeningKaryawan\FormMasterRekeningKaryawan.vbproj", "{3AF07BEA-D1B3-4223-874D-C36495ADBE93}"
EndProject
Global
	GlobalSection(SolutionConfigurationPlatforms) = preSolution
		Debug|Any CPU = Debug|Any CPU
		Release|Any CPU = Release|Any CPU
	EndGlobalSection
	GlobalSection(ProjectConfigurationPlatforms) = postSolution
		{3AF07BEA-D1B3-4223-874D-C36495ADBE93}.Debug|Any CPU.ActiveCfg = Debug|Any CPU
		{3AF07BEA-D1B3-4223-874D-C36495ADBE93}.Debug|Any CPU.Build.0 = Debug|Any CPU
		{3AF07BEA-D1B3-4223-874D-C36495ADBE93}.Release|Any CPU.ActiveCfg = Release|Any CPU
		{3AF07BEA-D1B3-4223-874D-C36495ADBE93}.Release|Any CPU.Build.0 = Release|Any CPU
	EndGlobalSection
	GlobalSection(SolutionProperties) = preSolution
		HideSolutionNode = FALSE
	EndGlobalSection
	GlobalSection(ExtensibilityGlobals) = postSolution
		SolutionGuid = {7CA724A9-903E-4A7F-BAC2-51743CC0A9AC}
	EndGlobalSection
EndGlobal
