
Microsoft Visual Studio Solution File, Format Version 12.00
# Visual Studio Version 16
VisualStudioVersion = 16.0.31729.503
MinimumVisualStudioVersion = 10.0.40219.1
Project("{F184B08F-C81C-45F6-A57F-5ABD9991F28F}") = "FormMasterKaryawanAktif", "FormMasterKaryawanAktif\FormMasterKaryawanAktif.vbproj", "{9402FAA3-ECD6-4549-81E2-D3DB05BDFDCA}"
EndProject
Global
	GlobalSection(SolutionConfigurationPlatforms) = preSolution
		Debug|Any CPU = Debug|Any CPU
		Release|Any CPU = Release|Any CPU
	EndGlobalSection
	GlobalSection(ProjectConfigurationPlatforms) = postSolution
		{9402FAA3-ECD6-4549-81E2-D3DB05BDFDCA}.Debug|Any CPU.ActiveCfg = Debug|Any CPU
		{9402FAA3-ECD6-4549-81E2-D3DB05BDFDCA}.Debug|Any CPU.Build.0 = Debug|Any CPU
		{9402FAA3-ECD6-4549-81E2-D3DB05BDFDCA}.Release|Any CPU.ActiveCfg = Release|Any CPU
		{9402FAA3-ECD6-4549-81E2-D3DB05BDFDCA}.Release|Any CPU.Build.0 = Release|Any CPU
	EndGlobalSection
	GlobalSection(SolutionProperties) = preSolution
		HideSolutionNode = FALSE
	EndGlobalSection
	GlobalSection(ExtensibilityGlobals) = postSolution
		SolutionGuid = {4F8AA8C2-C686-4BF9-A6A9-28313C7CBE24}
	EndGlobalSection
EndGlobal
